
Microsoft Visual Studio Solution File, Format Version 12.00
# Visual Studio 14
VisualStudioVersion = 14.0.25420.1
MinimumVisualStudioVersion = 10.0.40219.1
Project("{FAE04EC0-301F-11D3-BF4B-00C04F79EFBC}") = "01DeclareVariables", "01.DeclareVariables\01DeclareVariables.csproj", "{BAEE6FA8-8F85-4BC3-8FA1-A036136BDF61}"
EndProject
Project("{FAE04EC0-301F-11D3-BF4B-00C04F79EFBC}") = "02FloatorDouble", "02.FloatorDouble\02FloatorDouble.csproj", "{266CD330-5798-499E-88C9-CF78881E6919}"
EndProject
Project("{FAE04EC0-301F-11D3-BF4B-00C04F79EFBC}") = "03VariableinHexadecimalFormat", "03.VariableinHexadecimalFormat\03VariableinHexadecimalFormat.csproj", "{086E4459-DA90-4FC9-A222-AF63128EB6E5}"
EndProject
Project("{FAE04EC0-301F-11D3-BF4B-00C04F79EFBC}") = "04Unicode Character", "04.UnicodeCharacter\04Unicode Character.csproj", "{43F10B44-42B0-4DE9-8F94-B8D7EEC5ED7D}"
EndProject
Project("{FAE04EC0-301F-11D3-BF4B-00C04F79EFBC}") = "05BooleanVariable", "05.BooleanVariable\05BooleanVariable.csproj", "{A3BD11EC-9116-4803-BEF7-FDAEE0F6FD98}"
EndProject
Project("{FAE04EC0-301F-11D3-BF4B-00C04F79EFBC}") = "06StringsandObjects", "06.StringsAndObjects\06StringsandObjects.csproj", "{487D28E7-2009-459B-AF6B-CA6C22CFF1FD}"
EndProject
Project("{FAE04EC0-301F-11D3-BF4B-00C04F79EFBC}") = "07QuotesinStrings", "07.QuotesInStrings\07QuotesinStrings.csproj", "{A5731E28-C87A-4D20-BB92-A1DCEDF62E16}"
EndProject
Project("{FAE04EC0-301F-11D3-BF4B-00C04F79EFBC}") = "08IsoscelesTriangle", "08.IsoscelesTriangle\08IsoscelesTriangle.csproj", "{BEE620C9-908D-4227-893E-51AE0C3CC374}"
EndProject
Project("{FAE04EC0-301F-11D3-BF4B-00C04F79EFBC}") = "09ExchangeVariableValues", "09.ExchangeVariableValues\09ExchangeVariableValues.csproj", "{CE5EDC3F-D732-4BB8-B546-6C71C4D30E73}"
EndProject
Project("{FAE04EC0-301F-11D3-BF4B-00C04F79EFBC}") = "10Employee Data", "10.EmployeeData\10Employee Data.csproj", "{3F76D952-B463-4CF6-8E3B-68EBC73B59A5}"
EndProject
Project("{FAE04EC0-301F-11D3-BF4B-00C04F79EFBC}") = "11BankAccountData", "11.BankAccountData\11BankAccountData.csproj", "{81D69192-C8C5-4EB4-AF79-2822298BB53C}"
EndProject
Project("{FAE04EC0-301F-11D3-BF4B-00C04F79EFBC}") = "12NullValuesArithmetic", "12.NullValuesArithmetic\12NullValuesArithmetic.csproj", "{6F6485B9-7A11-499A-840F-9E6EF68440C8}"
EndProject
Project("{FAE04EC0-301F-11D3-BF4B-00C04F79EFBC}") = "13Comparing Floats", "13.ComparingFloats\13Comparing Floats.csproj", "{D4AA80DF-01DE-49BD-A94C-D94FCC810EF5}"
EndProject
Project("{FAE04EC0-301F-11D3-BF4B-00C04F79EFBC}") = "14PrinttheASCIITable", "14.PrintTheASCIITable\14PrinttheASCIITable.csproj", "{8FF77165-0837-4337-B0CF-23A10E6C627D}"
EndProject
Global
	GlobalSection(SolutionConfigurationPlatforms) = preSolution
		Debug|Any CPU = Debug|Any CPU
		Release|Any CPU = Release|Any CPU
	EndGlobalSection
	GlobalSection(ProjectConfigurationPlatforms) = postSolution
		{BAEE6FA8-8F85-4BC3-8FA1-A036136BDF61}.Debug|Any CPU.ActiveCfg = Debug|Any CPU
		{BAEE6FA8-8F85-4BC3-8FA1-A036136BDF61}.Debug|Any CPU.Build.0 = Debug|Any CPU
		{BAEE6FA8-8F85-4BC3-8FA1-A036136BDF61}.Release|Any CPU.ActiveCfg = Release|Any CPU
		{BAEE6FA8-8F85-4BC3-8FA1-A036136BDF61}.Release|Any CPU.Build.0 = Release|Any CPU
		{266CD330-5798-499E-88C9-CF78881E6919}.Debug|Any CPU.ActiveCfg = Debug|Any CPU
		{266CD330-5798-499E-88C9-CF78881E6919}.Debug|Any CPU.Build.0 = Debug|Any CPU
		{266CD330-5798-499E-88C9-CF78881E6919}.Release|Any CPU.ActiveCfg = Release|Any CPU
		{266CD330-5798-499E-88C9-CF78881E6919}.Release|Any CPU.Build.0 = Release|Any CPU
		{086E4459-DA90-4FC9-A222-AF63128EB6E5}.Debug|Any CPU.ActiveCfg = Debug|Any CPU
		{086E4459-DA90-4FC9-A222-AF63128EB6E5}.Debug|Any CPU.Build.0 = Debug|Any CPU
		{086E4459-DA90-4FC9-A222-AF63128EB6E5}.Release|Any CPU.ActiveCfg = Release|Any CPU
		{086E4459-DA90-4FC9-A222-AF63128EB6E5}.Release|Any CPU.Build.0 = Release|Any CPU
		{43F10B44-42B0-4DE9-8F94-B8D7EEC5ED7D}.Debug|Any CPU.ActiveCfg = Debug|Any CPU
		{43F10B44-42B0-4DE9-8F94-B8D7EEC5ED7D}.Debug|Any CPU.Build.0 = Debug|Any CPU
		{43F10B44-42B0-4DE9-8F94-B8D7EEC5ED7D}.Release|Any CPU.ActiveCfg = Release|Any CPU
		{43F10B44-42B0-4DE9-8F94-B8D7EEC5ED7D}.Release|Any CPU.Build.0 = Release|Any CPU
		{A3BD11EC-9116-4803-BEF7-FDAEE0F6FD98}.Debug|Any CPU.ActiveCfg = Debug|Any CPU
		{A3BD11EC-9116-4803-BEF7-FDAEE0F6FD98}.Debug|Any CPU.Build.0 = Debug|Any CPU
		{A3BD11EC-9116-4803-BEF7-FDAEE0F6FD98}.Release|Any CPU.ActiveCfg = Release|Any CPU
		{A3BD11EC-9116-4803-BEF7-FDAEE0F6FD98}.Release|Any CPU.Build.0 = Release|Any CPU
		{487D28E7-2009-459B-AF6B-CA6C22CFF1FD}.Debug|Any CPU.ActiveCfg = Debug|Any CPU
		{487D28E7-2009-459B-AF6B-CA6C22CFF1FD}.Debug|Any CPU.Build.0 = Debug|Any CPU
		{487D28E7-2009-459B-AF6B-CA6C22CFF1FD}.Release|Any CPU.ActiveCfg = Release|Any CPU
		{487D28E7-2009-459B-AF6B-CA6C22CFF1FD}.Release|Any CPU.Build.0 = Release|Any CPU
		{A5731E28-C87A-4D20-BB92-A1DCEDF62E16}.Debug|Any CPU.ActiveCfg = Debug|Any CPU
		{A5731E28-C87A-4D20-BB92-A1DCEDF62E16}.Debug|Any CPU.Build.0 = Debug|Any CPU
		{A5731E28-C87A-4D20-BB92-A1DCEDF62E16}.Release|Any CPU.ActiveCfg = Release|Any CPU
		{A5731E28-C87A-4D20-BB92-A1DCEDF62E16}.Release|Any CPU.Build.0 = Release|Any CPU
		{BEE620C9-908D-4227-893E-51AE0C3CC374}.Debug|Any CPU.ActiveCfg = Debug|Any CPU
		{BEE620C9-908D-4227-893E-51AE0C3CC374}.Debug|Any CPU.Build.0 = Debug|Any CPU
		{BEE620C9-908D-4227-893E-51AE0C3CC374}.Release|Any CPU.ActiveCfg = Release|Any CPU
		{BEE620C9-908D-4227-893E-51AE0C3CC374}.Release|Any CPU.Build.0 = Release|Any CPU
		{CE5EDC3F-D732-4BB8-B546-6C71C4D30E73}.Debug|Any CPU.ActiveCfg = Debug|Any CPU
		{CE5EDC3F-D732-4BB8-B546-6C71C4D30E73}.Debug|Any CPU.Build.0 = Debug|Any CPU
		{CE5EDC3F-D732-4BB8-B546-6C71C4D30E73}.Release|Any CPU.ActiveCfg = Release|Any CPU
		{CE5EDC3F-D732-4BB8-B546-6C71C4D30E73}.Release|Any CPU.Build.0 = Release|Any CPU
		{3F76D952-B463-4CF6-8E3B-68EBC73B59A5}.Debug|Any CPU.ActiveCfg = Debug|Any CPU
		{3F76D952-B463-4CF6-8E3B-68EBC73B59A5}.Debug|Any CPU.Build.0 = Debug|Any CPU
		{3F76D952-B463-4CF6-8E3B-68EBC73B59A5}.Release|Any CPU.ActiveCfg = Release|Any CPU
		{3F76D952-B463-4CF6-8E3B-68EBC73B59A5}.Release|Any CPU.Build.0 = Release|Any CPU
		{81D69192-C8C5-4EB4-AF79-2822298BB53C}.Debug|Any CPU.ActiveCfg = Debug|Any CPU
		{81D69192-C8C5-4EB4-AF79-2822298BB53C}.Debug|Any CPU.Build.0 = Debug|Any CPU
		{81D69192-C8C5-4EB4-AF79-2822298BB53C}.Release|Any CPU.ActiveCfg = Release|Any CPU
		{81D69192-C8C5-4EB4-AF79-2822298BB53C}.Release|Any CPU.Build.0 = Release|Any CPU
		{6F6485B9-7A11-499A-840F-9E6EF68440C8}.Debug|Any CPU.ActiveCfg = Debug|Any CPU
		{6F6485B9-7A11-499A-840F-9E6EF68440C8}.Debug|Any CPU.Build.0 = Debug|Any CPU
		{6F6485B9-7A11-499A-840F-9E6EF68440C8}.Release|Any CPU.ActiveCfg = Release|Any CPU
		{6F6485B9-7A11-499A-840F-9E6EF68440C8}.Release|Any CPU.Build.0 = Release|Any CPU
		{D4AA80DF-01DE-49BD-A94C-D94FCC810EF5}.Debug|Any CPU.ActiveCfg = Debug|Any CPU
		{D4AA80DF-01DE-49BD-A94C-D94FCC810EF5}.Debug|Any CPU.Build.0 = Debug|Any CPU
		{D4AA80DF-01DE-49BD-A94C-D94FCC810EF5}.Release|Any CPU.ActiveCfg = Release|Any CPU
		{D4AA80DF-01DE-49BD-A94C-D94FCC810EF5}.Release|Any CPU.Build.0 = Release|Any CPU
		{8FF77165-0837-4337-B0CF-23A10E6C627D}.Debug|Any CPU.ActiveCfg = Debug|Any CPU
		{8FF77165-0837-4337-B0CF-23A10E6C627D}.Debug|Any CPU.Build.0 = Debug|Any CPU
		{8FF77165-0837-4337-B0CF-23A10E6C627D}.Release|Any CPU.ActiveCfg = Release|Any CPU
		{8FF77165-0837-4337-B0CF-23A10E6C627D}.Release|Any CPU.Build.0 = Release|Any CPU
	EndGlobalSection
	GlobalSection(SolutionProperties) = preSolution
		HideSolutionNode = FALSE
	EndGlobalSection
EndGlobal
