
Microsoft Visual Studio Solution File, Format Version 12.00
# Visual Studio 14
VisualStudioVersion = 14.0.25420.1
MinimumVisualStudioVersion = 10.0.40219.1
Project("{2150E333-8FDC-42A3-9474-1A3956D46DE8}") = "01.StringBuilderExtensions", "01.StringBuilderExtensions", "{B3D2EC1C-4FC7-4E7A-A15F-D5FFF6B1B0A9}"
EndProject
Project("{FAE04EC0-301F-11D3-BF4B-00C04F79EFBC}") = "01.StringBuilderSubstring", "01.StringBuilderSubstring\01.StringBuilderSubstring.csproj", "{2BA8A9BC-1B4B-42AD-B3B5-3FEE6F1D32DC}"
EndProject
Project("{2150E333-8FDC-42A3-9474-1A3956D46DE8}") = "02.IEnurabaleExtensions", "02.IEnurabaleExtensions", "{63B909B0-6AE4-4353-82CF-CAD8E6B26008}"
EndProject
Project("{FAE04EC0-301F-11D3-BF4B-00C04F79EFBC}") = "02.IEnurableExtensions", "02.IEnurableExtensions\02.IEnurableExtensions.csproj", "{747D132E-8603-4098-BC1B-5234C27620F3}"
EndProject
Project("{2150E333-8FDC-42A3-9474-1A3956D46DE8}") = "03-05.ArrayOfStudents", "03-05.ArrayOfStudents", "{2680D6E8-B84A-4FF0-B5C2-7C500959ECBB}"
EndProject
Project("{FAE04EC0-301F-11D3-BF4B-00C04F79EFBC}") = "03.StudentsInArray", "03.StudentsInArray\03.StudentsInArray.csproj", "{88360186-DB8C-42AD-AB76-52DF2CCC8F4A}"
EndProject
Project("{2150E333-8FDC-42A3-9474-1A3956D46DE8}") = "06.ArrayOfIntegers", "06.ArrayOfIntegers", "{B460F126-4C22-40E1-B399-78F0C983015F}"
EndProject
Project("{FAE04EC0-301F-11D3-BF4B-00C04F79EFBC}") = "06.ArrayOfIntegers", "06.ArrayOfIntegers\06.ArrayOfIntegers.csproj", "{26E14243-1024-4E73-B3C7-D57A26D5BA16}"
EndProject
Project("{2150E333-8FDC-42A3-9474-1A3956D46DE8}") = "07.Timer", "07.Timer", "{3B893D0E-AEA2-4B31-A7B0-1C6327DECC05}"
EndProject
Project("{FAE04EC0-301F-11D3-BF4B-00C04F79EFBC}") = "07.Timer", "07.Timer\07.Timer.csproj", "{FCA456C7-190B-4B07-8D5C-7DFCC697216D}"
EndProject
Project("{2150E333-8FDC-42A3-9474-1A3956D46DE8}") = "08.Events", "08.Events", "{1B2405F2-A46F-4CE3-90DC-0E85560A5423}"
EndProject
Project("{FAE04EC0-301F-11D3-BF4B-00C04F79EFBC}") = "08.EventsTimer", "08.EventsTimer\08.EventsTimer.csproj", "{ACC8F58C-5418-427B-85B6-207AE79BAD8F}"
EndProject
Project("{FAE04EC0-301F-11D3-BF4B-00C04F79EFBC}") = "09.StudentGroups", "09.StudentGroups\09.StudentGroups.csproj", "{F7F480E8-B8DB-4864-A1DC-B1A549540021}"
EndProject
Project("{2150E333-8FDC-42A3-9474-1A3956D46DE8}") = "09-16.Students", "09-16.Students", "{5C907AEC-3BF6-43DD-9828-7757E8A00200}"
EndProject
Project("{2150E333-8FDC-42A3-9474-1A3956D46DE8}") = "17.FindLongestString", "17.FindLongestString", "{2594FAC2-90D2-474E-8C90-ADD18CB61DF9}"
EndProject
Project("{FAE04EC0-301F-11D3-BF4B-00C04F79EFBC}") = "17.FindLongestString", "17.FindLongestString\17.FindLongestString.csproj", "{76B4905C-BE99-4DE9-B4C8-F8246C8FB6AB}"
EndProject
Project("{2150E333-8FDC-42A3-9474-1A3956D46DE8}") = "18-19.GroupStudents", "18-19.GroupStudents", "{72FBBF19-89DD-4363-98B9-5AB4DD15B7EC}"
EndProject
Project("{FAE04EC0-301F-11D3-BF4B-00C04F79EFBC}") = "18.GroupStudents", "18.GroupStudents\18.GroupStudents.csproj", "{D9A922E7-0E37-48D0-A88A-6CB05F179C51}"
EndProject
Global
	GlobalSection(SolutionConfigurationPlatforms) = preSolution
		Debug|Any CPU = Debug|Any CPU
		Release|Any CPU = Release|Any CPU
	EndGlobalSection
	GlobalSection(ProjectConfigurationPlatforms) = postSolution
		{2BA8A9BC-1B4B-42AD-B3B5-3FEE6F1D32DC}.Debug|Any CPU.ActiveCfg = Debug|Any CPU
		{2BA8A9BC-1B4B-42AD-B3B5-3FEE6F1D32DC}.Debug|Any CPU.Build.0 = Debug|Any CPU
		{2BA8A9BC-1B4B-42AD-B3B5-3FEE6F1D32DC}.Release|Any CPU.ActiveCfg = Release|Any CPU
		{2BA8A9BC-1B4B-42AD-B3B5-3FEE6F1D32DC}.Release|Any CPU.Build.0 = Release|Any CPU
		{747D132E-8603-4098-BC1B-5234C27620F3}.Debug|Any CPU.ActiveCfg = Debug|Any CPU
		{747D132E-8603-4098-BC1B-5234C27620F3}.Debug|Any CPU.Build.0 = Debug|Any CPU
		{747D132E-8603-4098-BC1B-5234C27620F3}.Release|Any CPU.ActiveCfg = Release|Any CPU
		{747D132E-8603-4098-BC1B-5234C27620F3}.Release|Any CPU.Build.0 = Release|Any CPU
		{88360186-DB8C-42AD-AB76-52DF2CCC8F4A}.Debug|Any CPU.ActiveCfg = Debug|Any CPU
		{88360186-DB8C-42AD-AB76-52DF2CCC8F4A}.Debug|Any CPU.Build.0 = Debug|Any CPU
		{88360186-DB8C-42AD-AB76-52DF2CCC8F4A}.Release|Any CPU.ActiveCfg = Release|Any CPU
		{88360186-DB8C-42AD-AB76-52DF2CCC8F4A}.Release|Any CPU.Build.0 = Release|Any CPU
		{26E14243-1024-4E73-B3C7-D57A26D5BA16}.Debug|Any CPU.ActiveCfg = Debug|Any CPU
		{26E14243-1024-4E73-B3C7-D57A26D5BA16}.Debug|Any CPU.Build.0 = Debug|Any CPU
		{26E14243-1024-4E73-B3C7-D57A26D5BA16}.Release|Any CPU.ActiveCfg = Release|Any CPU
		{26E14243-1024-4E73-B3C7-D57A26D5BA16}.Release|Any CPU.Build.0 = Release|Any CPU
		{FCA456C7-190B-4B07-8D5C-7DFCC697216D}.Debug|Any CPU.ActiveCfg = Debug|Any CPU
		{FCA456C7-190B-4B07-8D5C-7DFCC697216D}.Debug|Any CPU.Build.0 = Debug|Any CPU
		{FCA456C7-190B-4B07-8D5C-7DFCC697216D}.Release|Any CPU.ActiveCfg = Release|Any CPU
		{FCA456C7-190B-4B07-8D5C-7DFCC697216D}.Release|Any CPU.Build.0 = Release|Any CPU
		{ACC8F58C-5418-427B-85B6-207AE79BAD8F}.Debug|Any CPU.ActiveCfg = Debug|Any CPU
		{ACC8F58C-5418-427B-85B6-207AE79BAD8F}.Debug|Any CPU.Build.0 = Debug|Any CPU
		{ACC8F58C-5418-427B-85B6-207AE79BAD8F}.Release|Any CPU.ActiveCfg = Release|Any CPU
		{ACC8F58C-5418-427B-85B6-207AE79BAD8F}.Release|Any CPU.Build.0 = Release|Any CPU
		{F7F480E8-B8DB-4864-A1DC-B1A549540021}.Debug|Any CPU.ActiveCfg = Debug|Any CPU
		{F7F480E8-B8DB-4864-A1DC-B1A549540021}.Debug|Any CPU.Build.0 = Debug|Any CPU
		{F7F480E8-B8DB-4864-A1DC-B1A549540021}.Release|Any CPU.ActiveCfg = Release|Any CPU
		{F7F480E8-B8DB-4864-A1DC-B1A549540021}.Release|Any CPU.Build.0 = Release|Any CPU
		{76B4905C-BE99-4DE9-B4C8-F8246C8FB6AB}.Debug|Any CPU.ActiveCfg = Debug|Any CPU
		{76B4905C-BE99-4DE9-B4C8-F8246C8FB6AB}.Debug|Any CPU.Build.0 = Debug|Any CPU
		{76B4905C-BE99-4DE9-B4C8-F8246C8FB6AB}.Release|Any CPU.ActiveCfg = Release|Any CPU
		{76B4905C-BE99-4DE9-B4C8-F8246C8FB6AB}.Release|Any CPU.Build.0 = Release|Any CPU
		{D9A922E7-0E37-48D0-A88A-6CB05F179C51}.Debug|Any CPU.ActiveCfg = Debug|Any CPU
		{D9A922E7-0E37-48D0-A88A-6CB05F179C51}.Debug|Any CPU.Build.0 = Debug|Any CPU
		{D9A922E7-0E37-48D0-A88A-6CB05F179C51}.Release|Any CPU.ActiveCfg = Release|Any CPU
		{D9A922E7-0E37-48D0-A88A-6CB05F179C51}.Release|Any CPU.Build.0 = Release|Any CPU
	EndGlobalSection
	GlobalSection(SolutionProperties) = preSolution
		HideSolutionNode = FALSE
	EndGlobalSection
	GlobalSection(NestedProjects) = preSolution
		{2BA8A9BC-1B4B-42AD-B3B5-3FEE6F1D32DC} = {B3D2EC1C-4FC7-4E7A-A15F-D5FFF6B1B0A9}
		{747D132E-8603-4098-BC1B-5234C27620F3} = {63B909B0-6AE4-4353-82CF-CAD8E6B26008}
		{88360186-DB8C-42AD-AB76-52DF2CCC8F4A} = {2680D6E8-B84A-4FF0-B5C2-7C500959ECBB}
		{26E14243-1024-4E73-B3C7-D57A26D5BA16} = {B460F126-4C22-40E1-B399-78F0C983015F}
		{FCA456C7-190B-4B07-8D5C-7DFCC697216D} = {3B893D0E-AEA2-4B31-A7B0-1C6327DECC05}
		{ACC8F58C-5418-427B-85B6-207AE79BAD8F} = {1B2405F2-A46F-4CE3-90DC-0E85560A5423}
		{F7F480E8-B8DB-4864-A1DC-B1A549540021} = {5C907AEC-3BF6-43DD-9828-7757E8A00200}
		{76B4905C-BE99-4DE9-B4C8-F8246C8FB6AB} = {2594FAC2-90D2-474E-8C90-ADD18CB61DF9}
		{D9A922E7-0E37-48D0-A88A-6CB05F179C51} = {72FBBF19-89DD-4363-98B9-5AB4DD15B7EC}
	EndGlobalSection
EndGlobal
