
Microsoft Visual Studio Solution File, Format Version 12.00
# Visual Studio 14
VisualStudioVersion = 14.0.25420.1
MinimumVisualStudioVersion = 10.0.40219.1
Project("{FAE04EC0-301F-11D3-BF4B-00C04F79EFBC}") = "01.NextDate", "01.NextDate\01.NextDate.csproj", "{F862E893-6038-47FC-AED4-6F4E6D2D5939}"
EndProject
Project("{FAE04EC0-301F-11D3-BF4B-00C04F79EFBC}") = "02.TribonacciTriangle", "02.TribonacciTriangle\02.TribonacciTriangle.csproj", "{67FDACC7-6053-4A79-8C51-5B43C89F2D36}"
EndProject
Project("{FAE04EC0-301F-11D3-BF4B-00C04F79EFBC}") = "03.Sheets", "03.Sheets\03.Sheets.csproj", "{88A1D649-B55D-43CC-A373-2659FC2C01D6}"
EndProject
Project("{FAE04EC0-301F-11D3-BF4B-00C04F79EFBC}") = "04.Carpets", "04.Carpets\04.Carpets.csproj", "{032B53F5-1FCF-4896-AD97-194A1562C92B}"
EndProject
Project("{FAE04EC0-301F-11D3-BF4B-00C04F79EFBC}") = "05.FormulaBit1", "FormulaBit1\05.FormulaBit1.csproj", "{55A9A7B5-D8BD-4B19-B401-2EF0F809FEED}"
EndProject
Global
	GlobalSection(SolutionConfigurationPlatforms) = preSolution
		Debug|Any CPU = Debug|Any CPU
		Release|Any CPU = Release|Any CPU
	EndGlobalSection
	GlobalSection(ProjectConfigurationPlatforms) = postSolution
		{F862E893-6038-47FC-AED4-6F4E6D2D5939}.Debug|Any CPU.ActiveCfg = Debug|Any CPU
		{F862E893-6038-47FC-AED4-6F4E6D2D5939}.Debug|Any CPU.Build.0 = Debug|Any CPU
		{F862E893-6038-47FC-AED4-6F4E6D2D5939}.Release|Any CPU.ActiveCfg = Release|Any CPU
		{F862E893-6038-47FC-AED4-6F4E6D2D5939}.Release|Any CPU.Build.0 = Release|Any CPU
		{67FDACC7-6053-4A79-8C51-5B43C89F2D36}.Debug|Any CPU.ActiveCfg = Debug|Any CPU
		{67FDACC7-6053-4A79-8C51-5B43C89F2D36}.Debug|Any CPU.Build.0 = Debug|Any CPU
		{67FDACC7-6053-4A79-8C51-5B43C89F2D36}.Release|Any CPU.ActiveCfg = Release|Any CPU
		{67FDACC7-6053-4A79-8C51-5B43C89F2D36}.Release|Any CPU.Build.0 = Release|Any CPU
		{88A1D649-B55D-43CC-A373-2659FC2C01D6}.Debug|Any CPU.ActiveCfg = Debug|Any CPU
		{88A1D649-B55D-43CC-A373-2659FC2C01D6}.Debug|Any CPU.Build.0 = Debug|Any CPU
		{88A1D649-B55D-43CC-A373-2659FC2C01D6}.Release|Any CPU.ActiveCfg = Release|Any CPU
		{88A1D649-B55D-43CC-A373-2659FC2C01D6}.Release|Any CPU.Build.0 = Release|Any CPU
		{032B53F5-1FCF-4896-AD97-194A1562C92B}.Debug|Any CPU.ActiveCfg = Debug|Any CPU
		{032B53F5-1FCF-4896-AD97-194A1562C92B}.Debug|Any CPU.Build.0 = Debug|Any CPU
		{032B53F5-1FCF-4896-AD97-194A1562C92B}.Release|Any CPU.ActiveCfg = Release|Any CPU
		{032B53F5-1FCF-4896-AD97-194A1562C92B}.Release|Any CPU.Build.0 = Release|Any CPU
		{55A9A7B5-D8BD-4B19-B401-2EF0F809FEED}.Debug|Any CPU.ActiveCfg = Debug|Any CPU
		{55A9A7B5-D8BD-4B19-B401-2EF0F809FEED}.Debug|Any CPU.Build.0 = Debug|Any CPU
		{55A9A7B5-D8BD-4B19-B401-2EF0F809FEED}.Release|Any CPU.ActiveCfg = Release|Any CPU
		{55A9A7B5-D8BD-4B19-B401-2EF0F809FEED}.Release|Any CPU.Build.0 = Release|Any CPU
	EndGlobalSection
	GlobalSection(SolutionProperties) = preSolution
		HideSolutionNode = FALSE
	EndGlobalSection
EndGlobal
