
Microsoft Visual Studio Solution File, Format Version 12.00
# Visual Studio 14
VisualStudioVersion = 14.0.25420.1
MinimumVisualStudioVersion = 10.0.40219.1
Project("{FAE04EC0-301F-11D3-BF4B-00C04F79EFBC}") = "01.PeaceOfCake", "01.PeaceOfCake\01.PeaceOfCake.csproj", "{38A9E4C5-AEF7-428D-8A4F-EB5EA040E021}"
EndProject
Project("{FAE04EC0-301F-11D3-BF4B-00C04F79EFBC}") = "02.AngryFemaleGPS", "02.AngryFemaleGPS\02.AngryFemaleGPS.csproj", "{D42BDF63-9E4F-42F1-918E-7D8A2B7421C5}"
EndProject
Project("{FAE04EC0-301F-11D3-BF4B-00C04F79EFBC}") = "03.OnesAndZeros", "03.OnesAndZeros\03.OnesAndZeros.csproj", "{2BC190C0-AA4F-4106-92DD-4057BF3D8A74}"
EndProject
Project("{FAE04EC0-301F-11D3-BF4B-00C04F79EFBC}") = "04.Eggcelent", "04.Eggcelent\04.Eggcelent.csproj", "{EAE68C55-24B7-4B3D-AA45-8B19F5D34AC9}"
EndProject
Global
	GlobalSection(SolutionConfigurationPlatforms) = preSolution
		Debug|Any CPU = Debug|Any CPU
		Release|Any CPU = Release|Any CPU
	EndGlobalSection
	GlobalSection(ProjectConfigurationPlatforms) = postSolution
		{38A9E4C5-AEF7-428D-8A4F-EB5EA040E021}.Debug|Any CPU.ActiveCfg = Debug|Any CPU
		{38A9E4C5-AEF7-428D-8A4F-EB5EA040E021}.Debug|Any CPU.Build.0 = Debug|Any CPU
		{38A9E4C5-AEF7-428D-8A4F-EB5EA040E021}.Release|Any CPU.ActiveCfg = Release|Any CPU
		{38A9E4C5-AEF7-428D-8A4F-EB5EA040E021}.Release|Any CPU.Build.0 = Release|Any CPU
		{D42BDF63-9E4F-42F1-918E-7D8A2B7421C5}.Debug|Any CPU.ActiveCfg = Debug|Any CPU
		{D42BDF63-9E4F-42F1-918E-7D8A2B7421C5}.Debug|Any CPU.Build.0 = Debug|Any CPU
		{D42BDF63-9E4F-42F1-918E-7D8A2B7421C5}.Release|Any CPU.ActiveCfg = Release|Any CPU
		{D42BDF63-9E4F-42F1-918E-7D8A2B7421C5}.Release|Any CPU.Build.0 = Release|Any CPU
		{2BC190C0-AA4F-4106-92DD-4057BF3D8A74}.Debug|Any CPU.ActiveCfg = Debug|Any CPU
		{2BC190C0-AA4F-4106-92DD-4057BF3D8A74}.Debug|Any CPU.Build.0 = Debug|Any CPU
		{2BC190C0-AA4F-4106-92DD-4057BF3D8A74}.Release|Any CPU.ActiveCfg = Release|Any CPU
		{2BC190C0-AA4F-4106-92DD-4057BF3D8A74}.Release|Any CPU.Build.0 = Release|Any CPU
		{EAE68C55-24B7-4B3D-AA45-8B19F5D34AC9}.Debug|Any CPU.ActiveCfg = Debug|Any CPU
		{EAE68C55-24B7-4B3D-AA45-8B19F5D34AC9}.Debug|Any CPU.Build.0 = Debug|Any CPU
		{EAE68C55-24B7-4B3D-AA45-8B19F5D34AC9}.Release|Any CPU.ActiveCfg = Release|Any CPU
		{EAE68C55-24B7-4B3D-AA45-8B19F5D34AC9}.Release|Any CPU.Build.0 = Release|Any CPU
	EndGlobalSection
	GlobalSection(SolutionProperties) = preSolution
		HideSolutionNode = FALSE
	EndGlobalSection
EndGlobal
