
Microsoft Visual Studio Solution File, Format Version 12.00
# Visual Studio 14
VisualStudioVersion = 14.0.25420.1
MinimumVisualStudioVersion = 10.0.40219.1
Project("{FAE04EC0-301F-11D3-BF4B-00C04F79EFBC}") = "01.Printing", "01.Printing\01.Printing.csproj", "{B3DA345F-6152-453B-A1C7-5B696E136DF5}"
EndProject
Project("{FAE04EC0-301F-11D3-BF4B-00C04F79EFBC}") = "02.TextToNumber", "02.TextToNumber\02.TextToNumber.csproj", "{6DD67AA4-CE53-4A0B-8108-E6899A8EB315}"
EndProject
Project("{FAE04EC0-301F-11D3-BF4B-00C04F79EFBC}") = "03.SaddyKopper", "03.SaddyKopper\03.SaddyKopper.csproj", "{FC162E23-8650-4477-A8F2-15EEA171868F}"
EndProject
Project("{FAE04EC0-301F-11D3-BF4B-00C04F79EFBC}") = "04.Cube", "04.Cube\04.Cube.csproj", "{C6A22DE1-03C3-4E07-B844-456E23C1CA67}"
EndProject
Global
	GlobalSection(SolutionConfigurationPlatforms) = preSolution
		Debug|Any CPU = Debug|Any CPU
		Release|Any CPU = Release|Any CPU
	EndGlobalSection
	GlobalSection(ProjectConfigurationPlatforms) = postSolution
		{B3DA345F-6152-453B-A1C7-5B696E136DF5}.Debug|Any CPU.ActiveCfg = Debug|Any CPU
		{B3DA345F-6152-453B-A1C7-5B696E136DF5}.Debug|Any CPU.Build.0 = Debug|Any CPU
		{B3DA345F-6152-453B-A1C7-5B696E136DF5}.Release|Any CPU.ActiveCfg = Release|Any CPU
		{B3DA345F-6152-453B-A1C7-5B696E136DF5}.Release|Any CPU.Build.0 = Release|Any CPU
		{6DD67AA4-CE53-4A0B-8108-E6899A8EB315}.Debug|Any CPU.ActiveCfg = Debug|Any CPU
		{6DD67AA4-CE53-4A0B-8108-E6899A8EB315}.Debug|Any CPU.Build.0 = Debug|Any CPU
		{6DD67AA4-CE53-4A0B-8108-E6899A8EB315}.Release|Any CPU.ActiveCfg = Release|Any CPU
		{6DD67AA4-CE53-4A0B-8108-E6899A8EB315}.Release|Any CPU.Build.0 = Release|Any CPU
		{FC162E23-8650-4477-A8F2-15EEA171868F}.Debug|Any CPU.ActiveCfg = Debug|Any CPU
		{FC162E23-8650-4477-A8F2-15EEA171868F}.Debug|Any CPU.Build.0 = Debug|Any CPU
		{FC162E23-8650-4477-A8F2-15EEA171868F}.Release|Any CPU.ActiveCfg = Release|Any CPU
		{FC162E23-8650-4477-A8F2-15EEA171868F}.Release|Any CPU.Build.0 = Release|Any CPU
		{C6A22DE1-03C3-4E07-B844-456E23C1CA67}.Debug|Any CPU.ActiveCfg = Debug|Any CPU
		{C6A22DE1-03C3-4E07-B844-456E23C1CA67}.Debug|Any CPU.Build.0 = Debug|Any CPU
		{C6A22DE1-03C3-4E07-B844-456E23C1CA67}.Release|Any CPU.ActiveCfg = Release|Any CPU
		{C6A22DE1-03C3-4E07-B844-456E23C1CA67}.Release|Any CPU.Build.0 = Release|Any CPU
	EndGlobalSection
	GlobalSection(SolutionProperties) = preSolution
		HideSolutionNode = FALSE
	EndGlobalSection
EndGlobal
