
Microsoft Visual Studio Solution File, Format Version 12.00
# Visual Studio 14
VisualStudioVersion = 14.0.25420.1
MinimumVisualStudioVersion = 10.0.40219.1
Project("{FAE04EC0-301F-11D3-BF4B-00C04F79EFBC}") = "01.SevenlandNumbers", "01.SevenlandNumbers\01.SevenlandNumbers.csproj", "{6B79E52F-98F4-4598-90FC-35D71864CDBD}"
EndProject
Project("{FAE04EC0-301F-11D3-BF4B-00C04F79EFBC}") = "01.SevenlandNumbersAnotherSolution", "01.SevenlandNumbersAnotherSolution\01.SevenlandNumbersAnotherSolution.csproj", "{E6030F95-52F0-41F5-8E80-7FA43BC50BB9}"
EndProject
Project("{FAE04EC0-301F-11D3-BF4B-00C04F79EFBC}") = "02.ANacci", "02.ANacci\02.ANacci.csproj", "{DB388AE4-F95E-4602-B607-3357A1BBF584}"
EndProject
Project("{FAE04EC0-301F-11D3-BF4B-00C04F79EFBC}") = "03.ExcelColumns", "03.ExcelColumns\03.ExcelColumns.csproj", "{0211E65A-8502-48AB-85A8-D54549FA0214}"
EndProject
Project("{FAE04EC0-301F-11D3-BF4B-00C04F79EFBC}") = "04.TelericLogo", "04.TelericLogo\04.TelericLogo.csproj", "{3959956A-1A88-46D8-B7E9-43C9D9CF50CB}"
EndProject
Global
	GlobalSection(SolutionConfigurationPlatforms) = preSolution
		Debug|Any CPU = Debug|Any CPU
		Release|Any CPU = Release|Any CPU
	EndGlobalSection
	GlobalSection(ProjectConfigurationPlatforms) = postSolution
		{6B79E52F-98F4-4598-90FC-35D71864CDBD}.Debug|Any CPU.ActiveCfg = Debug|Any CPU
		{6B79E52F-98F4-4598-90FC-35D71864CDBD}.Debug|Any CPU.Build.0 = Debug|Any CPU
		{6B79E52F-98F4-4598-90FC-35D71864CDBD}.Release|Any CPU.ActiveCfg = Release|Any CPU
		{6B79E52F-98F4-4598-90FC-35D71864CDBD}.Release|Any CPU.Build.0 = Release|Any CPU
		{E6030F95-52F0-41F5-8E80-7FA43BC50BB9}.Debug|Any CPU.ActiveCfg = Debug|Any CPU
		{E6030F95-52F0-41F5-8E80-7FA43BC50BB9}.Debug|Any CPU.Build.0 = Debug|Any CPU
		{E6030F95-52F0-41F5-8E80-7FA43BC50BB9}.Release|Any CPU.ActiveCfg = Release|Any CPU
		{E6030F95-52F0-41F5-8E80-7FA43BC50BB9}.Release|Any CPU.Build.0 = Release|Any CPU
		{DB388AE4-F95E-4602-B607-3357A1BBF584}.Debug|Any CPU.ActiveCfg = Debug|Any CPU
		{DB388AE4-F95E-4602-B607-3357A1BBF584}.Debug|Any CPU.Build.0 = Debug|Any CPU
		{DB388AE4-F95E-4602-B607-3357A1BBF584}.Release|Any CPU.ActiveCfg = Release|Any CPU
		{DB388AE4-F95E-4602-B607-3357A1BBF584}.Release|Any CPU.Build.0 = Release|Any CPU
		{0211E65A-8502-48AB-85A8-D54549FA0214}.Debug|Any CPU.ActiveCfg = Debug|Any CPU
		{0211E65A-8502-48AB-85A8-D54549FA0214}.Debug|Any CPU.Build.0 = Debug|Any CPU
		{0211E65A-8502-48AB-85A8-D54549FA0214}.Release|Any CPU.ActiveCfg = Release|Any CPU
		{0211E65A-8502-48AB-85A8-D54549FA0214}.Release|Any CPU.Build.0 = Release|Any CPU
		{3959956A-1A88-46D8-B7E9-43C9D9CF50CB}.Debug|Any CPU.ActiveCfg = Debug|Any CPU
		{3959956A-1A88-46D8-B7E9-43C9D9CF50CB}.Debug|Any CPU.Build.0 = Debug|Any CPU
		{3959956A-1A88-46D8-B7E9-43C9D9CF50CB}.Release|Any CPU.ActiveCfg = Release|Any CPU
		{3959956A-1A88-46D8-B7E9-43C9D9CF50CB}.Release|Any CPU.Build.0 = Release|Any CPU
	EndGlobalSection
	GlobalSection(SolutionProperties) = preSolution
		HideSolutionNode = FALSE
	EndGlobalSection
EndGlobal
