
Microsoft Visual Studio Solution File, Format Version 12.00
# Visual Studio 14
VisualStudioVersion = 14.0.25420.1
MinimumVisualStudioVersion = 10.0.40219.1
Project("{FAE04EC0-301F-11D3-BF4B-00C04F79EFBC}") = "01HelloCSharp", "01.HelloCSharp\01HelloCSharp.csproj", "{EC041231-AE68-4EC7-A56C-2995682AA535}"
EndProject
Project("{FAE04EC0-301F-11D3-BF4B-00C04F79EFBC}") = "02PrintYourName", "02.PrintYourName\02PrintYourName.csproj", "{328A5D66-DA15-46B5-B3AF-6C0706333460}"
EndProject
Project("{FAE04EC0-301F-11D3-BF4B-00C04F79EFBC}") = "03.Print Numbers", "03.PrintNumbers\03.Print Numbers.csproj", "{473F3E5D-3C35-4BC8-BF53-B6DFAD1F3D4B}"
EndProject
Project("{FAE04EC0-301F-11D3-BF4B-00C04F79EFBC}") = "04.PrintFirstandLastName", "04.PrintFirstandLastName\04.PrintFirstandLastName.csproj", "{CE595F10-FD58-47A6-B9EA-7460927D3244}"
EndProject
Project("{FAE04EC0-301F-11D3-BF4B-00C04F79EFBC}") = "05.SquareRoot", "05.SquareRoot\05.SquareRoot.csproj", "{C67A0121-C371-49AB-B72A-1270069EA1A0}"
EndProject
Project("{FAE04EC0-301F-11D3-BF4B-00C04F79EFBC}") = "06PrintSequence", "06.PrintSequence\06PrintSequence.csproj", "{308D5B77-2433-44F1-8E44-72A5AFC0586B}"
EndProject
Project("{FAE04EC0-301F-11D3-BF4B-00C04F79EFBC}") = "07ReformatCode", "07.ReformatCode\07ReformatCode.csproj", "{C7420375-1FC1-4576-809B-1605DAF2D61D}"
EndProject
Project("{FAE04EC0-301F-11D3-BF4B-00C04F79EFBC}") = "11Ageafter10Years", "11.AgeAfter10Years\11Ageafter10Years.csproj", "{9A3AC4BD-A0C1-424B-A96C-CBA9884F57A0}"
EndProject
Project("{FAE04EC0-301F-11D3-BF4B-00C04F79EFBC}") = "12PrintLongSequence", "12.PrintLongSequence\12PrintLongSequence.csproj", "{8DE0E1BD-59D9-469D-A8BC-DD241935F545}"
EndProject
Global
	GlobalSection(SolutionConfigurationPlatforms) = preSolution
		Debug|Any CPU = Debug|Any CPU
		Release|Any CPU = Release|Any CPU
	EndGlobalSection
	GlobalSection(ProjectConfigurationPlatforms) = postSolution
		{EC041231-AE68-4EC7-A56C-2995682AA535}.Debug|Any CPU.ActiveCfg = Debug|Any CPU
		{EC041231-AE68-4EC7-A56C-2995682AA535}.Debug|Any CPU.Build.0 = Debug|Any CPU
		{EC041231-AE68-4EC7-A56C-2995682AA535}.Release|Any CPU.ActiveCfg = Release|Any CPU
		{EC041231-AE68-4EC7-A56C-2995682AA535}.Release|Any CPU.Build.0 = Release|Any CPU
		{328A5D66-DA15-46B5-B3AF-6C0706333460}.Debug|Any CPU.ActiveCfg = Debug|Any CPU
		{328A5D66-DA15-46B5-B3AF-6C0706333460}.Debug|Any CPU.Build.0 = Debug|Any CPU
		{328A5D66-DA15-46B5-B3AF-6C0706333460}.Release|Any CPU.ActiveCfg = Release|Any CPU
		{328A5D66-DA15-46B5-B3AF-6C0706333460}.Release|Any CPU.Build.0 = Release|Any CPU
		{473F3E5D-3C35-4BC8-BF53-B6DFAD1F3D4B}.Debug|Any CPU.ActiveCfg = Debug|Any CPU
		{473F3E5D-3C35-4BC8-BF53-B6DFAD1F3D4B}.Debug|Any CPU.Build.0 = Debug|Any CPU
		{473F3E5D-3C35-4BC8-BF53-B6DFAD1F3D4B}.Release|Any CPU.ActiveCfg = Release|Any CPU
		{473F3E5D-3C35-4BC8-BF53-B6DFAD1F3D4B}.Release|Any CPU.Build.0 = Release|Any CPU
		{CE595F10-FD58-47A6-B9EA-7460927D3244}.Debug|Any CPU.ActiveCfg = Debug|Any CPU
		{CE595F10-FD58-47A6-B9EA-7460927D3244}.Debug|Any CPU.Build.0 = Debug|Any CPU
		{CE595F10-FD58-47A6-B9EA-7460927D3244}.Release|Any CPU.ActiveCfg = Release|Any CPU
		{CE595F10-FD58-47A6-B9EA-7460927D3244}.Release|Any CPU.Build.0 = Release|Any CPU
		{C67A0121-C371-49AB-B72A-1270069EA1A0}.Debug|Any CPU.ActiveCfg = Debug|Any CPU
		{C67A0121-C371-49AB-B72A-1270069EA1A0}.Debug|Any CPU.Build.0 = Debug|Any CPU
		{C67A0121-C371-49AB-B72A-1270069EA1A0}.Release|Any CPU.ActiveCfg = Release|Any CPU
		{C67A0121-C371-49AB-B72A-1270069EA1A0}.Release|Any CPU.Build.0 = Release|Any CPU
		{308D5B77-2433-44F1-8E44-72A5AFC0586B}.Debug|Any CPU.ActiveCfg = Debug|Any CPU
		{308D5B77-2433-44F1-8E44-72A5AFC0586B}.Debug|Any CPU.Build.0 = Debug|Any CPU
		{308D5B77-2433-44F1-8E44-72A5AFC0586B}.Release|Any CPU.ActiveCfg = Release|Any CPU
		{308D5B77-2433-44F1-8E44-72A5AFC0586B}.Release|Any CPU.Build.0 = Release|Any CPU
		{C7420375-1FC1-4576-809B-1605DAF2D61D}.Debug|Any CPU.ActiveCfg = Debug|Any CPU
		{C7420375-1FC1-4576-809B-1605DAF2D61D}.Debug|Any CPU.Build.0 = Debug|Any CPU
		{C7420375-1FC1-4576-809B-1605DAF2D61D}.Release|Any CPU.ActiveCfg = Release|Any CPU
		{C7420375-1FC1-4576-809B-1605DAF2D61D}.Release|Any CPU.Build.0 = Release|Any CPU
		{9A3AC4BD-A0C1-424B-A96C-CBA9884F57A0}.Debug|Any CPU.ActiveCfg = Debug|Any CPU
		{9A3AC4BD-A0C1-424B-A96C-CBA9884F57A0}.Debug|Any CPU.Build.0 = Debug|Any CPU
		{9A3AC4BD-A0C1-424B-A96C-CBA9884F57A0}.Release|Any CPU.ActiveCfg = Release|Any CPU
		{9A3AC4BD-A0C1-424B-A96C-CBA9884F57A0}.Release|Any CPU.Build.0 = Release|Any CPU
		{8DE0E1BD-59D9-469D-A8BC-DD241935F545}.Debug|Any CPU.ActiveCfg = Debug|Any CPU
		{8DE0E1BD-59D9-469D-A8BC-DD241935F545}.Debug|Any CPU.Build.0 = Debug|Any CPU
		{8DE0E1BD-59D9-469D-A8BC-DD241935F545}.Release|Any CPU.ActiveCfg = Release|Any CPU
		{8DE0E1BD-59D9-469D-A8BC-DD241935F545}.Release|Any CPU.Build.0 = Release|Any CPU
	EndGlobalSection
	GlobalSection(SolutionProperties) = preSolution
		HideSolutionNode = FALSE
	EndGlobalSection
EndGlobal
