
Microsoft Visual Studio Solution File, Format Version 12.00
# Visual Studio 14
VisualStudioVersion = 14.0.25420.1
MinimumVisualStudioVersion = 10.0.40219.1
Project("{FAE04EC0-301F-11D3-BF4B-00C04F79EFBC}") = "01.TripleRotationOfDigits", "01.TripleRotationOfDigits\01.TripleRotationOfDigits.csproj", "{509B5878-B8FF-4754-A8B1-477DA68E88FE}"
EndProject
Project("{FAE04EC0-301F-11D3-BF4B-00C04F79EFBC}") = "02.QuadronacciRectangle", "02.QuadronacciRectangle\02.QuadronacciRectangle.csproj", "{17E7AF31-328B-4CE7-A1AE-AF8302E34879}"
EndProject
Project("{FAE04EC0-301F-11D3-BF4B-00C04F79EFBC}") = "03.Poker", "03.Poker\03.Poker.csproj", "{FCE83EB1-9FC3-49FC-ADD8-A3A417E1B8E2}"
EndProject
Global
	GlobalSection(SolutionConfigurationPlatforms) = preSolution
		Debug|Any CPU = Debug|Any CPU
		Release|Any CPU = Release|Any CPU
	EndGlobalSection
	GlobalSection(ProjectConfigurationPlatforms) = postSolution
		{509B5878-B8FF-4754-A8B1-477DA68E88FE}.Debug|Any CPU.ActiveCfg = Debug|Any CPU
		{509B5878-B8FF-4754-A8B1-477DA68E88FE}.Debug|Any CPU.Build.0 = Debug|Any CPU
		{509B5878-B8FF-4754-A8B1-477DA68E88FE}.Release|Any CPU.ActiveCfg = Release|Any CPU
		{509B5878-B8FF-4754-A8B1-477DA68E88FE}.Release|Any CPU.Build.0 = Release|Any CPU
		{17E7AF31-328B-4CE7-A1AE-AF8302E34879}.Debug|Any CPU.ActiveCfg = Debug|Any CPU
		{17E7AF31-328B-4CE7-A1AE-AF8302E34879}.Debug|Any CPU.Build.0 = Debug|Any CPU
		{17E7AF31-328B-4CE7-A1AE-AF8302E34879}.Release|Any CPU.ActiveCfg = Release|Any CPU
		{17E7AF31-328B-4CE7-A1AE-AF8302E34879}.Release|Any CPU.Build.0 = Release|Any CPU
		{FCE83EB1-9FC3-49FC-ADD8-A3A417E1B8E2}.Debug|Any CPU.ActiveCfg = Debug|Any CPU
		{FCE83EB1-9FC3-49FC-ADD8-A3A417E1B8E2}.Debug|Any CPU.Build.0 = Debug|Any CPU
		{FCE83EB1-9FC3-49FC-ADD8-A3A417E1B8E2}.Release|Any CPU.ActiveCfg = Release|Any CPU
		{FCE83EB1-9FC3-49FC-ADD8-A3A417E1B8E2}.Release|Any CPU.Build.0 = Release|Any CPU
	EndGlobalSection
	GlobalSection(SolutionProperties) = preSolution
		HideSolutionNode = FALSE
	EndGlobalSection
EndGlobal
