
Microsoft Visual Studio Solution File, Format Version 12.00
# Visual Studio 14
VisualStudioVersion = 14.0.25420.1
MinimumVisualStudioVersion = 10.0.40219.1
Project("{FAE04EC0-301F-11D3-BF4B-00C04F79EFBC}") = "01.SumOf3Numbers", "01.SumOf3Numbers\01.SumOf3Numbers.csproj", "{2DA58B33-E7F2-442A-948B-3D620129734F}"
EndProject
Project("{FAE04EC0-301F-11D3-BF4B-00C04F79EFBC}") = "02.PrintCompanyInformation", "02.PrintCompanyInformation\02.PrintCompanyInformation.csproj", "{96DF92D0-492D-4D52-BE32-FC32005B02E5}"
EndProject
Project("{FAE04EC0-301F-11D3-BF4B-00C04F79EFBC}") = "03.CirclePerimeterAndArea", "03.CirclePerimeterAndArea\03.CirclePerimeterAndArea.csproj", "{38873861-0233-4F74-8429-25749803A945}"
EndProject
Project("{FAE04EC0-301F-11D3-BF4B-00C04F79EFBC}") = "04.NumberComparer", "04.NumberComparer\04.NumberComparer.csproj", "{867617C1-6531-41E3-A7AB-F4AAA5AE58D6}"
EndProject
Project("{FAE04EC0-301F-11D3-BF4B-00C04F79EFBC}") = "05.FormatingNumbers", "05.FormatingNumbers\05.FormatingNumbers.csproj", "{2B73615B-57BE-4394-BF34-5A03777FC1D1}"
EndProject
Project("{FAE04EC0-301F-11D3-BF4B-00C04F79EFBC}") = "06.QuadraticEquation", "06.QuadraticEquation\06.QuadraticEquation.csproj", "{9B85D99E-8D21-4A18-8909-5CFF4B494C9E}"
EndProject
Project("{FAE04EC0-301F-11D3-BF4B-00C04F79EFBC}") = "07.SumOf5Numbers", "07.SumOf5Numbers\07.SumOf5Numbers.csproj", "{FC8DE390-5404-4025-85E6-C405C3EE9D59}"
EndProject
Project("{FAE04EC0-301F-11D3-BF4B-00C04F79EFBC}") = "07.SumOf5NumbersOther", "07.SumOf5NumbersOther\07.SumOf5NumbersOther.csproj", "{27875866-9805-4D4C-B8F5-50CCC05FAD24}"
EndProject
Project("{FAE04EC0-301F-11D3-BF4B-00C04F79EFBC}") = "08.NumbersFrom1ToN", "08.NumbersFrom1ToN\08.NumbersFrom1ToN.csproj", "{E512C61B-878D-4F4A-BE42-A314013826CA}"
EndProject
Project("{FAE04EC0-301F-11D3-BF4B-00C04F79EFBC}") = "09.SumOfNNumbers", "09.SumOfNNumbers\09.SumOfNNumbers.csproj", "{1A9C7A71-8610-4F1E-9D10-C983A12F01C0}"
EndProject
Project("{FAE04EC0-301F-11D3-BF4B-00C04F79EFBC}") = "10.FibonacciNumbers", "10.FibonacciNumbers\10.FibonacciNumbers.csproj", "{3140EDAF-3D02-4C3D-9A21-9A94A4BD7FED}"
EndProject
Project("{FAE04EC0-301F-11D3-BF4B-00C04F79EFBC}") = "11.NumbersInIntervalDividableByGivenNumber", "11.NumbersInIntervalDividableByGivenNumber\11.NumbersInIntervalDividableByGivenNumber.csproj", "{5095ACA7-EF27-4A96-9110-1C6CFA14085D}"
EndProject
Project("{FAE04EC0-301F-11D3-BF4B-00C04F79EFBC}") = "FallingRocks", "FallingRocks\FallingRocks.csproj", "{ABB7BF6D-960E-4581-8D04-F1CD1E672CE4}"
EndProject
Project("{FAE04EC0-301F-11D3-BF4B-00C04F79EFBC}") = "JustCars", "JustCars\JustCars.csproj", "{0690314E-3428-4223-B636-166B6C521F16}"
EndProject
Global
	GlobalSection(SolutionConfigurationPlatforms) = preSolution
		Debug|Any CPU = Debug|Any CPU
		Release|Any CPU = Release|Any CPU
	EndGlobalSection
	GlobalSection(ProjectConfigurationPlatforms) = postSolution
		{2DA58B33-E7F2-442A-948B-3D620129734F}.Debug|Any CPU.ActiveCfg = Debug|Any CPU
		{2DA58B33-E7F2-442A-948B-3D620129734F}.Debug|Any CPU.Build.0 = Debug|Any CPU
		{2DA58B33-E7F2-442A-948B-3D620129734F}.Release|Any CPU.ActiveCfg = Release|Any CPU
		{2DA58B33-E7F2-442A-948B-3D620129734F}.Release|Any CPU.Build.0 = Release|Any CPU
		{96DF92D0-492D-4D52-BE32-FC32005B02E5}.Debug|Any CPU.ActiveCfg = Debug|Any CPU
		{96DF92D0-492D-4D52-BE32-FC32005B02E5}.Debug|Any CPU.Build.0 = Debug|Any CPU
		{96DF92D0-492D-4D52-BE32-FC32005B02E5}.Release|Any CPU.ActiveCfg = Release|Any CPU
		{96DF92D0-492D-4D52-BE32-FC32005B02E5}.Release|Any CPU.Build.0 = Release|Any CPU
		{38873861-0233-4F74-8429-25749803A945}.Debug|Any CPU.ActiveCfg = Debug|Any CPU
		{38873861-0233-4F74-8429-25749803A945}.Debug|Any CPU.Build.0 = Debug|Any CPU
		{38873861-0233-4F74-8429-25749803A945}.Release|Any CPU.ActiveCfg = Release|Any CPU
		{38873861-0233-4F74-8429-25749803A945}.Release|Any CPU.Build.0 = Release|Any CPU
		{867617C1-6531-41E3-A7AB-F4AAA5AE58D6}.Debug|Any CPU.ActiveCfg = Debug|Any CPU
		{867617C1-6531-41E3-A7AB-F4AAA5AE58D6}.Debug|Any CPU.Build.0 = Debug|Any CPU
		{867617C1-6531-41E3-A7AB-F4AAA5AE58D6}.Release|Any CPU.ActiveCfg = Release|Any CPU
		{867617C1-6531-41E3-A7AB-F4AAA5AE58D6}.Release|Any CPU.Build.0 = Release|Any CPU
		{2B73615B-57BE-4394-BF34-5A03777FC1D1}.Debug|Any CPU.ActiveCfg = Debug|Any CPU
		{2B73615B-57BE-4394-BF34-5A03777FC1D1}.Debug|Any CPU.Build.0 = Debug|Any CPU
		{2B73615B-57BE-4394-BF34-5A03777FC1D1}.Release|Any CPU.ActiveCfg = Release|Any CPU
		{2B73615B-57BE-4394-BF34-5A03777FC1D1}.Release|Any CPU.Build.0 = Release|Any CPU
		{9B85D99E-8D21-4A18-8909-5CFF4B494C9E}.Debug|Any CPU.ActiveCfg = Debug|Any CPU
		{9B85D99E-8D21-4A18-8909-5CFF4B494C9E}.Debug|Any CPU.Build.0 = Debug|Any CPU
		{9B85D99E-8D21-4A18-8909-5CFF4B494C9E}.Release|Any CPU.ActiveCfg = Release|Any CPU
		{9B85D99E-8D21-4A18-8909-5CFF4B494C9E}.Release|Any CPU.Build.0 = Release|Any CPU
		{FC8DE390-5404-4025-85E6-C405C3EE9D59}.Debug|Any CPU.ActiveCfg = Debug|Any CPU
		{FC8DE390-5404-4025-85E6-C405C3EE9D59}.Debug|Any CPU.Build.0 = Debug|Any CPU
		{FC8DE390-5404-4025-85E6-C405C3EE9D59}.Release|Any CPU.ActiveCfg = Release|Any CPU
		{FC8DE390-5404-4025-85E6-C405C3EE9D59}.Release|Any CPU.Build.0 = Release|Any CPU
		{27875866-9805-4D4C-B8F5-50CCC05FAD24}.Debug|Any CPU.ActiveCfg = Debug|Any CPU
		{27875866-9805-4D4C-B8F5-50CCC05FAD24}.Debug|Any CPU.Build.0 = Debug|Any CPU
		{27875866-9805-4D4C-B8F5-50CCC05FAD24}.Release|Any CPU.ActiveCfg = Release|Any CPU
		{27875866-9805-4D4C-B8F5-50CCC05FAD24}.Release|Any CPU.Build.0 = Release|Any CPU
		{E512C61B-878D-4F4A-BE42-A314013826CA}.Debug|Any CPU.ActiveCfg = Debug|Any CPU
		{E512C61B-878D-4F4A-BE42-A314013826CA}.Debug|Any CPU.Build.0 = Debug|Any CPU
		{E512C61B-878D-4F4A-BE42-A314013826CA}.Release|Any CPU.ActiveCfg = Release|Any CPU
		{E512C61B-878D-4F4A-BE42-A314013826CA}.Release|Any CPU.Build.0 = Release|Any CPU
		{1A9C7A71-8610-4F1E-9D10-C983A12F01C0}.Debug|Any CPU.ActiveCfg = Debug|Any CPU
		{1A9C7A71-8610-4F1E-9D10-C983A12F01C0}.Debug|Any CPU.Build.0 = Debug|Any CPU
		{1A9C7A71-8610-4F1E-9D10-C983A12F01C0}.Release|Any CPU.ActiveCfg = Release|Any CPU
		{1A9C7A71-8610-4F1E-9D10-C983A12F01C0}.Release|Any CPU.Build.0 = Release|Any CPU
		{3140EDAF-3D02-4C3D-9A21-9A94A4BD7FED}.Debug|Any CPU.ActiveCfg = Debug|Any CPU
		{3140EDAF-3D02-4C3D-9A21-9A94A4BD7FED}.Debug|Any CPU.Build.0 = Debug|Any CPU
		{3140EDAF-3D02-4C3D-9A21-9A94A4BD7FED}.Release|Any CPU.ActiveCfg = Release|Any CPU
		{3140EDAF-3D02-4C3D-9A21-9A94A4BD7FED}.Release|Any CPU.Build.0 = Release|Any CPU
		{5095ACA7-EF27-4A96-9110-1C6CFA14085D}.Debug|Any CPU.ActiveCfg = Debug|Any CPU
		{5095ACA7-EF27-4A96-9110-1C6CFA14085D}.Debug|Any CPU.Build.0 = Debug|Any CPU
		{5095ACA7-EF27-4A96-9110-1C6CFA14085D}.Release|Any CPU.ActiveCfg = Release|Any CPU
		{5095ACA7-EF27-4A96-9110-1C6CFA14085D}.Release|Any CPU.Build.0 = Release|Any CPU
		{ABB7BF6D-960E-4581-8D04-F1CD1E672CE4}.Debug|Any CPU.ActiveCfg = Debug|Any CPU
		{ABB7BF6D-960E-4581-8D04-F1CD1E672CE4}.Debug|Any CPU.Build.0 = Debug|Any CPU
		{ABB7BF6D-960E-4581-8D04-F1CD1E672CE4}.Release|Any CPU.ActiveCfg = Release|Any CPU
		{ABB7BF6D-960E-4581-8D04-F1CD1E672CE4}.Release|Any CPU.Build.0 = Release|Any CPU
		{0690314E-3428-4223-B636-166B6C521F16}.Debug|Any CPU.ActiveCfg = Debug|Any CPU
		{0690314E-3428-4223-B636-166B6C521F16}.Debug|Any CPU.Build.0 = Debug|Any CPU
		{0690314E-3428-4223-B636-166B6C521F16}.Release|Any CPU.ActiveCfg = Release|Any CPU
		{0690314E-3428-4223-B636-166B6C521F16}.Release|Any CPU.Build.0 = Release|Any CPU
	EndGlobalSection
	GlobalSection(SolutionProperties) = preSolution
		HideSolutionNode = FALSE
	EndGlobalSection
EndGlobal
